
Microsoft Visual Studio Solution File, Format Version 12.00
# Visual Studio Version 16
VisualStudioVersion = 16.0.32510.428
MinimumVisualStudioVersion = 10.0.40219.1
Project("{FAE04EC0-301F-11D3-BF4B-00C04F79EFBC}") = "DataStructuresFirstDay", "DataStructuresFirstDay\DataStructuresFirstDay.csproj", "{110F8D0D-424D-4251-BCE9-F99ECE81DDD3}"
EndProject
Global
	GlobalSection(SolutionConfigurationPlatforms) = preSolution
		Debug|Any CPU = Debug|Any CPU
		Release|Any CPU = Release|Any CPU
	EndGlobalSection
	GlobalSection(ProjectConfigurationPlatforms) = postSolution
		{110F8D0D-424D-4251-BCE9-F99ECE81DDD3}.Debug|Any CPU.ActiveCfg = Debug|Any CPU
		{110F8D0D-424D-4251-BCE9-F99ECE81DDD3}.Debug|Any CPU.Build.0 = Debug|Any CPU
		{110F8D0D-424D-4251-BCE9-F99ECE81DDD3}.Release|Any CPU.ActiveCfg = Release|Any CPU
		{110F8D0D-424D-4251-BCE9-F99ECE81DDD3}.Release|Any CPU.Build.0 = Release|Any CPU
	EndGlobalSection
	GlobalSection(SolutionProperties) = preSolution
		HideSolutionNode = FALSE
	EndGlobalSection
	GlobalSection(ExtensibilityGlobals) = postSolution
		SolutionGuid = {2A0D3141-48DD-477F-83A3-50643A9B40D5}
	EndGlobalSection
EndGlobal
